dependencies:
- name: postgresql
  repository: https://kubernetes-charts.storage.googleapis.com/
  version: 0.8.3
- name: rabbitmq
  repository: https://kubernetes-charts.storage.googleapis.com/
  version: 0.6.8
digest: sha256:7ba01ced49844929271591ca6d805ceabe0514ccbf6f8688795a17e87b4089c1
generated: 2017-10-09T12:48:10.442137532-04:00
