dependencies:
- name: postgresql
  repository: https://kubernetes-charts.storage.googleapis.com/
  version: 0.8.3
- name: rabbitmq
  repository: https://kubernetes-charts.storage.googleapis.com/
  version: 2.1.2
digest: sha256:1435fe0bbe9c90ef3f2c5073b55c23b2e9fa9b5cb5307e73cf61c8521ca8178a
generated: 2018-08-25T16:10:22.772723049-04:00
